// !$*UTF8*$!
{
	archiveVersion = 1;
	classes = {
	};
	objectVersion = 46;
	objects = {

/* Begin PBXBuildFile section */
		845C32061C1B5B0800954233 /* Helper.swift in Sources */ = {isa = PBXBuildFile; fileRef = 845C32051C1B5B0800954233 /* Helper.swift */; };
		84EC49F41C1B3CC00035398C /* AppDelegate.swift in Sources */ = {isa = PBXBuildFile; fileRef = 84EC49F31C1B3CC00035398C /* AppDelegate.swift */; };
		84EC49F61C1B3CC00035398C /* GameScene.sks in Resources */ = {isa = PBXBuildFile; fileRef = 84EC49F51C1B3CC00035398C /* GameScene.sks */; };
		84EC49F81C1B3CC00035398C /* GameScene.swift in Sources */ = {isa = PBXBuildFile; fileRef = 84EC49F71C1B3CC00035398C /* GameScene.swift */; };
		84EC49FA1C1B3CC00035398C /* GameViewController.swift in Sources */ = {isa = PBXBuildFile; fileRef = 84EC49F91C1B3CC00035398C /* GameViewController.swift */; };
		84EC49FD1C1B3CC00035398C /* Main.storyboard in Resources */ = {isa = PBXBuildFile; fileRef = 84EC49FB1C1B3CC00035398C /* Main.storyboard */; };
		84EC49FF1C1B3CC00035398C /* Assets.xcassets in Resources */ = {isa = PBXBuildFile; fileRef = 84EC49FE1C1B3CC00035398C /* Assets.xcassets */; };
		84EC4A021C1B3CC00035398C /* LaunchScreen.storyboard in Resources */ = {isa = PBXBuildFile; fileRef = 84EC4A001C1B3CC00035398C /* LaunchScreen.storyboard */; };
		84EC4A0D1C1B3CC00035398C /* PachinkoTests.swift in Sources */ = {isa = PBXBuildFile; fileRef = 84EC4A0C1C1B3CC00035398C /* PachinkoTests.swift */; };
		84EC4A181C1B3CC00035398C /* PachinkoUITests.swift in Sources */ = {isa = PBXBuildFile; fileRef = 84EC4A171C1B3CC00035398C /* PachinkoUITests.swift */; };
		84EC4A421C1B40D50035398C /* background.jpg in Resources */ = {isa = PBXBuildFile; fileRef = 84EC4A261C1B40D50035398C /* background.jpg */; };
		84EC4A431C1B40D50035398C /* background@2x.jpg in Resources */ = {isa = PBXBuildFile; fileRef = 84EC4A271C1B40D50035398C /* background@2x.jpg */; };
		84EC4A441C1B40D50035398C /* ballBlue.png in Resources */ = {isa = PBXBuildFile; fileRef = 84EC4A281C1B40D50035398C /* ballBlue.png */; };
		84EC4A451C1B40D50035398C /* ballBlue@2x.png in Resources */ = {isa = PBXBuildFile; fileRef = 84EC4A291C1B40D50035398C /* ballBlue@2x.png */; };
		84EC4A461C1B40D50035398C /* ballCyan.png in Resources */ = {isa = PBXBuildFile; fileRef = 84EC4A2A1C1B40D50035398C /* ballCyan.png */; };
		84EC4A471C1B40D50035398C /* ballCyan@2x.png in Resources */ = {isa = PBXBuildFile; fileRef = 84EC4A2B1C1B40D50035398C /* ballCyan@2x.png */; };
		84EC4A481C1B40D50035398C /* ballGreen.png in Resources */ = {isa = PBXBuildFile; fileRef = 84EC4A2C1C1B40D50035398C /* ballGreen.png */; };
		84EC4A491C1B40D50035398C /* ballGreen@2x.png in Resources */ = {isa = PBXBuildFile; fileRef = 84EC4A2D1C1B40D50035398C /* ballGreen@2x.png */; };
		84EC4A4A1C1B40D50035398C /* ballGrey.png in Resources */ = {isa = PBXBuildFile; fileRef = 84EC4A2E1C1B40D50035398C /* ballGrey.png */; };
		84EC4A4B1C1B40D50035398C /* ballGrey@2x.png in Resources */ = {isa = PBXBuildFile; fileRef = 84EC4A2F1C1B40D50035398C /* ballGrey@2x.png */; };
		84EC4A4C1C1B40D50035398C /* ballPurple.png in Resources */ = {isa = PBXBuildFile; fileRef = 84EC4A301C1B40D50035398C /* ballPurple.png */; };
		84EC4A4D1C1B40D50035398C /* ballPurple@2x.png in Resources */ = {isa = PBXBuildFile; fileRef = 84EC4A311C1B40D50035398C /* ballPurple@2x.png */; };
		84EC4A4E1C1B40D50035398C /* ballRed.png in Resources */ = {isa = PBXBuildFile; fileRef = 84EC4A321C1B40D50035398C /* ballRed.png */; };
		84EC4A4F1C1B40D50035398C /* ballRed@2x.png in Resources */ = {isa = PBXBuildFile; fileRef = 84EC4A331C1B40D50035398C /* ballRed@2x.png */; };
		84EC4A501C1B40D50035398C /* ballYellow.png in Resources */ = {isa = PBXBuildFile; fileRef = 84EC4A341C1B40D50035398C /* ballYellow.png */; };
		84EC4A511C1B40D50035398C /* ballYellow@2x.png in Resources */ = {isa = PBXBuildFile; fileRef = 84EC4A351C1B40D50035398C /* ballYellow@2x.png */; };
		84EC4A521C1B40D50035398C /* bouncer.png in Resources */ = {isa = PBXBuildFile; fileRef = 84EC4A361C1B40D50035398C /* bouncer.png */; };
		84EC4A531C1B40D50035398C /* bouncer@2x.png in Resources */ = {isa = PBXBuildFile; fileRef = 84EC4A371C1B40D50035398C /* bouncer@2x.png */; };
		84EC4A541C1B40D50035398C /* FireParticles.sks in Resources */ = {isa = PBXBuildFile; fileRef = 84EC4A381C1B40D50035398C /* FireParticles.sks */; };
		84EC4A551C1B40D50035398C /* slotBaseBad.png in Resources */ = {isa = PBXBuildFile; fileRef = 84EC4A391C1B40D50035398C /* slotBaseBad.png */; };
		84EC4A561C1B40D50035398C /* slotBaseBad@2x.png in Resources */ = {isa = PBXBuildFile; fileRef = 84EC4A3A1C1B40D50035398C /* slotBaseBad@2x.png */; };
		84EC4A571C1B40D50035398C /* slotBaseGood.png in Resources */ = {isa = PBXBuildFile; fileRef = 84EC4A3B1C1B40D50035398C /* slotBaseGood.png */; };
		84EC4A581C1B40D50035398C /* slotBaseGood@2x.png in Resources */ = {isa = PBXBuildFile; fileRef = 84EC4A3C1C1B40D50035398C /* slotBaseGood@2x.png */; };
		84EC4A591C1B40D50035398C /* slotGlowBad.png in Resources */ = {isa = PBXBuildFile; fileRef = 84EC4A3D1C1B40D50035398C /* slotGlowBad.png */; };
		84EC4A5A1C1B40D50035398C /* slotGlowBad@2x.png in Resources */ = {isa = PBXBuildFile; fileRef = 84EC4A3E1C1B40D50035398C /* slotGlowBad@2x.png */; };
		84EC4A5B1C1B40D50035398C /* slotGlowGood.png in Resources */ = {isa = PBXBuildFile; fileRef = 84EC4A3F1C1B40D50035398C /* slotGlowGood.png */; };
		84EC4A5C1C1B40D50035398C /* slotGlowGood@2x.png in Resources */ = {isa = PBXBuildFile; fileRef = 84EC4A401C1B40D50035398C /* slotGlowGood@2x.png */; };
		84EC4A5D1C1B40D50035398C /* spark.png in Resources */ = {isa = PBXBuildFile; fileRef = 84EC4A411C1B40D50035398C /* spark.png */; };
/* End PBXBuildFile section */

/* Begin PBXContainerItemProxy section */
		84EC4A091C1B3CC00035398C /* PBXContainerItemProxy */ = {
			isa = PBXContainerItemProxy;
			containerPortal = 84EC49E81C1B3CC00035398C /* Project object */;
			proxyType = 1;
			remoteGlobalIDString = 84EC49EF1C1B3CC00035398C;
			remoteInfo = Pachinko;
		};
		84EC4A141C1B3CC00035398C /* PBXContainerItemProxy */ = {
			isa = PBXContainerItemProxy;
			containerPortal = 84EC49E81C1B3CC00035398C /* Project object */;
			proxyType = 1;
			remoteGlobalIDString = 84EC49EF1C1B3CC00035398C;
			remoteInfo = Pachinko;
		};
/* End PBXContainerItemProxy section */

/* Begin PBXFileReference section */
		845C32051C1B5B0800954233 /* Helper.swift */ = {isa = PBXFileReference; fileEncoding = 4; lastKnownFileType = sourcecode.swift; path = Helper.swift; sourceTree = "<group>"; };
		84EC49F01C1B3CC00035398C /* Pachinko.app */ = {isa = PBXFileReference; explicitFileType = wrapper.application; includeInIndex = 0; path = Pachinko.app; sourceTree = BUILT_PRODUCTS_DIR; };
		84EC49F31C1B3CC00035398C /* AppDelegate.swift */ = {isa = PBXFileReference; lastKnownFileType = sourcecode.swift; path = AppDelegate.swift; sourceTree = "<group>"; };
		84EC49F51C1B3CC00035398C /* GameScene.sks */ = {isa = PBXFileReference; lastKnownFileType = file.sks; path = GameScene.sks; sourceTree = "<group>"; };
		84EC49F71C1B3CC00035398C /* GameScene.swift */ = {isa = PBXFileReference; lastKnownFileType = sourcecode.swift; path = GameScene.swift; sourceTree = "<group>"; };
		84EC49F91C1B3CC00035398C /* GameViewController.swift */ = {isa = PBXFileReference; lastKnownFileType = sourcecode.swift; path = GameViewController.swift; sourceTree = "<group>"; };
		84EC49FC1C1B3CC00035398C /* Base */ = {isa = PBXFileReference; lastKnownFileType = file.storyboard; name = Base; path = Base.lproj/Main.storyboard; sourceTree = "<group>"; };
		84EC49FE1C1B3CC00035398C /* Assets.xcassets */ = {isa = PBXFileReference; lastKnownFileType = folder.assetcatalog; path = Assets.xcassets; sourceTree = "<group>"; };
		84EC4A011C1B3CC00035398C /* Base */ = {isa = PBXFileReference; lastKnownFileType = file.storyboard; name = Base; path = Base.lproj/LaunchScreen.storyboard; sourceTree = "<group>"; };
		84EC4A031C1B3CC00035398C /* Info.plist */ = {isa = PBXFileReference; lastKnownFileType = text.plist.xml; path = Info.plist; sourceTree = "<group>"; };
		84EC4A081C1B3CC00035398C /* PachinkoTests.xctest */ = {isa = PBXFileReference; explicitFileType = wrapper.cfbundle; includeInIndex = 0; path = PachinkoTests.xctest; sourceTree = BUILT_PRODUCTS_DIR; };
		84EC4A0C1C1B3CC00035398C /* PachinkoTests.swift */ = {isa = PBXFileReference; lastKnownFileType = sourcecode.swift; path = PachinkoTests.swift; sourceTree = "<group>"; };
		84EC4A0E1C1B3CC00035398C /* Info.plist */ = {isa = PBXFileReference; lastKnownFileType = text.plist.xml; path = Info.plist; sourceTree = "<group>"; };
		84EC4A131C1B3CC00035398C /* PachinkoUITests.xctest */ = {isa = PBXFileReference; explicitFileType = wrapper.cfbundle; includeInIndex = 0; path = PachinkoUITests.xctest; sourceTree = BUILT_PRODUCTS_DIR; };
		84EC4A171C1B3CC00035398C /* PachinkoUITests.swift */ = {isa = PBXFileReference; lastKnownFileType = sourcecode.swift; path = PachinkoUITests.swift; sourceTree = "<group>"; };
		84EC4A191C1B3CC00035398C /* Info.plist */ = {isa = PBXFileReference; lastKnownFileType = text.plist.xml; path = Info.plist; sourceTree = "<group>"; };
		84EC4A261C1B40D50035398C /* background.jpg */ = {isa = PBXFileReference; lastKnownFileType = image.jpeg; path = background.jpg; sourceTree = "<group>"; };
		84EC4A271C1B40D50035398C /* background@2x.jpg */ = {isa = PBXFileReference; lastKnownFileType = image.jpeg; path = "background@2x.jpg"; sourceTree = "<group>"; };
		84EC4A281C1B40D50035398C /* ballBlue.png */ = {isa = PBXFileReference; lastKnownFileType = image.png; path = ballBlue.png; sourceTree = "<group>"; };
		84EC4A291C1B40D50035398C /* ballBlue@2x.png */ = {isa = PBXFileReference; lastKnownFileType = image.png; path = "ballBlue@2x.png"; sourceTree = "<group>"; };
		84EC4A2A1C1B40D50035398C /* ballCyan.png */ = {isa = PBXFileReference; lastKnownFileType = image.png; path = ballCyan.png; sourceTree = "<group>"; };
		84EC4A2B1C1B40D50035398C /* ballCyan@2x.png */ = {isa = PBXFileReference; lastKnownFileType = image.png; path = "ballCyan@2x.png"; sourceTree = "<group>"; };
		84EC4A2C1C1B40D50035398C /* ballGreen.png */ = {isa = PBXFileReference; lastKnownFileType = image.png; path = ballGreen.png; sourceTree = "<group>"; };
		84EC4A2D1C1B40D50035398C /* ballGreen@2x.png */ = {isa = PBXFileReference; lastKnownFileType = image.png; path = "ballGreen@2x.png"; sourceTree = "<group>"; };
		84EC4A2E1C1B40D50035398C /* ballGrey.png */ = {isa = PBXFileReference; lastKnownFileType = image.png; path = ballGrey.png; sourceTree = "<group>"; };
		84EC4A2F1C1B40D50035398C /* ballGrey@2x.png */ = {isa = PBXFileReference; lastKnownFileType = image.png; path = "ballGrey@2x.png"; sourceTree = "<group>"; };
		84EC4A301C1B40D50035398C /* ballPurple.png */ = {isa = PBXFileReference; lastKnownFileType = image.png; path = ballPurple.png; sourceTree = "<group>"; };
		84EC4A311C1B40D50035398C /* ballPurple@2x.png */ = {isa = PBXFileReference; lastKnownFileType = image.png; path = "ballPurple@2x.png"; sourceTree = "<group>"; };
		84EC4A321C1B40D50035398C /* ballRed.png */ = {isa = PBXFileReference; lastKnownFileType = image.png; path = ballRed.png; sourceTree = "<group>"; };
		84EC4A331C1B40D50035398C /* ballRed@2x.png */ = {isa = PBXFileReference; lastKnownFileType = image.png; path = "ballRed@2x.png"; sourceTree = "<group>"; };
		84EC4A341C1B40D50035398C /* ballYellow.png */ = {isa = PBXFileReference; lastKnownFileType = image.png; path = ballYellow.png; sourceTree = "<group>"; };
		84EC4A351C1B40D50035398C /* ballYellow@2x.png */ = {isa = PBXFileReference; lastKnownFileType = image.png; path = "ballYellow@2x.png"; sourceTree = "<group>"; };
		84EC4A361C1B40D50035398C /* bouncer.png */ = {isa = PBXFileReference; lastKnownFileType = image.png; path = bouncer.png; sourceTree = "<group>"; };
		84EC4A371C1B40D50035398C /* bouncer@2x.png */ = {isa = PBXFileReference; lastKnownFileType = image.png; path = "bouncer@2x.png"; sourceTree = "<group>"; };
		84EC4A381C1B40D50035398C /* FireParticles.sks */ = {isa = PBXFileReference; lastKnownFileType = file.sks; name = FireParticles.sks; path = Content/FireParticles.sks; sourceTree = "<group>"; };
		84EC4A391C1B40D50035398C /* slotBaseBad.png */ = {isa = PBXFileReference; lastKnownFileType = image.png; path = slotBaseBad.png; sourceTree = "<group>"; };
		84EC4A3A1C1B40D50035398C /* slotBaseBad@2x.png */ = {isa = PBXFileReference; lastKnownFileType = image.png; path = "slotBaseBad@2x.png"; sourceTree = "<group>"; };
		84EC4A3B1C1B40D50035398C /* slotBaseGood.png */ = {isa = PBXFileReference; lastKnownFileType = image.png; path = slotBaseGood.png; sourceTree = "<group>"; };
		84EC4A3C1C1B40D50035398C /* slotBaseGood@2x.png */ = {isa = PBXFileReference; lastKnownFileType = image.png; path = "slotBaseGood@2x.png"; sourceTree = "<group>"; };
		84EC4A3D1C1B40D50035398C /* slotGlowBad.png */ = {isa = PBXFileReference; lastKnownFileType = image.png; path = slotGlowBad.png; sourceTree = "<group>"; };
		84EC4A3E1C1B40D50035398C /* slotGlowBad@2x.png */ = {isa = PBXFileReference; lastKnownFileType = image.png; path = "slotGlowBad@2x.png"; sourceTree = "<group>"; };
		84EC4A3F1C1B40D50035398C /* slotGlowGood.png */ = {isa = PBXFileReference; lastKnownFileType = image.png; path = slotGlowGood.png; sourceTree = "<group>"; };
		84EC4A401C1B40D50035398C /* slotGlowGood@2x.png */ = {isa = PBXFileReference; lastKnownFileType = image.png; path = "slotGlowGood@2x.png"; sourceTree = "<group>"; };
		84EC4A411C1B40D50035398C /* spark.png */ = {isa = PBXFileReference; lastKnownFileType = image.png; path = spark.png; sourceTree = "<group>"; };
/* End PBXFileReference section */

/* Begin PBXFrameworksBuildPhase section */
		84EC49ED1C1B3CC00035398C /* Frameworks */ = {
			isa = PBXFrameworksBuildPhase;
			buildActionMask = 2147483647;
			files = (
			);
			runOnlyForDeploymentPostprocessing = 0;
		};
		84EC4A051C1B3CC00035398C /* Frameworks */ = {
			isa = PBXFrameworksBuildPhase;
			buildActionMask = 2147483647;
			files = (
			);
			runOnlyForDeploymentPostprocessing = 0;
		};
		84EC4A101C1B3CC00035398C /* Frameworks */ = {
			isa = PBXFrameworksBuildPhase;
			buildActionMask = 2147483647;
			files = (
			);
			runOnlyForDeploymentPostprocessing = 0;
		};
/* End PBXFrameworksBuildPhase section */

/* Begin PBXGroup section */
		84EC49E71C1B3CC00035398C = {
			isa = PBXGroup;
			children = (
				84EC49F21C1B3CC00035398C /* Pachinko */,
				84EC4A0B1C1B3CC00035398C /* PachinkoTests */,
				84EC4A161C1B3CC00035398C /* PachinkoUITests */,
				84EC49F11C1B3CC00035398C /* Products */,
			);
			sourceTree = "<group>";
		};
		84EC49F11C1B3CC00035398C /* Products */ = {
			isa = PBXGroup;
			children = (
				84EC49F01C1B3CC00035398C /* Pachinko.app */,
				84EC4A081C1B3CC00035398C /* PachinkoTests.xctest */,
				84EC4A131C1B3CC00035398C /* PachinkoUITests.xctest */,
			);
			name = Products;
			sourceTree = "<group>";
		};
		84EC49F21C1B3CC00035398C /* Pachinko */ = {
			isa = PBXGroup;
			children = (
				84EC49F31C1B3CC00035398C /* AppDelegate.swift */,
				84EC49F51C1B3CC00035398C /* GameScene.sks */,
				84EC49F71C1B3CC00035398C /* GameScene.swift */,
				84EC4A251C1B40D50035398C /* Content */,
				84EC49F91C1B3CC00035398C /* GameViewController.swift */,
				84EC4A381C1B40D50035398C /* FireParticles.sks */,
				845C32051C1B5B0800954233 /* Helper.swift */,
				84EC49FB1C1B3CC00035398C /* Main.storyboard */,
				84EC49FE1C1B3CC00035398C /* Assets.xcassets */,
				84EC4A001C1B3CC00035398C /* LaunchScreen.storyboard */,
				84EC4A031C1B3CC00035398C /* Info.plist */,
			);
			path = Pachinko;
			sourceTree = "<group>";
		};
		84EC4A0B1C1B3CC00035398C /* PachinkoTests */ = {
			isa = PBXGroup;
			children = (
				84EC4A0C1C1B3CC00035398C /* PachinkoTests.swift */,
				84EC4A0E1C1B3CC00035398C /* Info.plist */,
			);
			path = PachinkoTests;
			sourceTree = "<group>";
		};
		84EC4A161C1B3CC00035398C /* PachinkoUITests */ = {
			isa = PBXGroup;
			children = (
				84EC4A171C1B3CC00035398C /* PachinkoUITests.swift */,
				84EC4A191C1B3CC00035398C /* Info.plist */,
			);
			path = PachinkoUITests;
			sourceTree = "<group>";
		};
		84EC4A251C1B40D50035398C /* Content */ = {
			isa = PBXGroup;
			children = (
				84EC4A261C1B40D50035398C /* background.jpg */,
				84EC4A271C1B40D50035398C /* background@2x.jpg */,
				84EC4A281C1B40D50035398C /* ballBlue.png */,
				84EC4A291C1B40D50035398C /* ballBlue@2x.png */,
				84EC4A2A1C1B40D50035398C /* ballCyan.png */,
				84EC4A2B1C1B40D50035398C /* ballCyan@2x.png */,
				84EC4A2C1C1B40D50035398C /* ballGreen.png */,
				84EC4A2D1C1B40D50035398C /* ballGreen@2x.png */,
				84EC4A2E1C1B40D50035398C /* ballGrey.png */,
				84EC4A2F1C1B40D50035398C /* ballGrey@2x.png */,
				84EC4A301C1B40D50035398C /* ballPurple.png */,
				84EC4A311C1B40D50035398C /* ballPurple@2x.png */,
				84EC4A321C1B40D50035398C /* ballRed.png */,
				84EC4A331C1B40D50035398C /* ballRed@2x.png */,
				84EC4A341C1B40D50035398C /* ballYellow.png */,
				84EC4A351C1B40D50035398C /* ballYellow@2x.png */,
				84EC4A361C1B40D50035398C /* bouncer.png */,
				84EC4A371C1B40D50035398C /* bouncer@2x.png */,
				84EC4A391C1B40D50035398C /* slotBaseBad.png */,
				84EC4A3A1C1B40D50035398C /* slotBaseBad@2x.png */,
				84EC4A3B1C1B40D50035398C /* slotBaseGood.png */,
				84EC4A3C1C1B40D50035398C /* slotBaseGood@2x.png */,
				84EC4A3D1C1B40D50035398C /* slotGlowBad.png */,
				84EC4A3E1C1B40D50035398C /* slotGlowBad@2x.png */,
				84EC4A3F1C1B40D50035398C /* slotGlowGood.png */,
				84EC4A401C1B40D50035398C /* slotGlowGood@2x.png */,
				84EC4A411C1B40D50035398C /* spark.png */,
			);
			path = Content;
			sourceTree = "<group>";
		};
/* End PBXGroup section */

/* Begin PBXNativeTarget section */
		84EC49EF1C1B3CC00035398C /* Pachinko */ = {
			isa = PBXNativeTarget;
			buildConfigurationList = 84EC4A1C1C1B3CC00035398C /* Build configuration list for PBXNativeTarget "Pachinko" */;
			buildPhases = (
				84EC49EC1C1B3CC00035398C /* Sources */,
				84EC49ED1C1B3CC00035398C /* Frameworks */,
				84EC49EE1C1B3CC00035398C /* Resources */,
			);
			buildRules = (
			);
			dependencies = (
			);
			name = Pachinko;
			productName = Pachinko;
			productReference = 84EC49F01C1B3CC00035398C /* Pachinko.app */;
			productType = "com.apple.product-type.application";
		};
		84EC4A071C1B3CC00035398C /* PachinkoTests */ = {
			isa = PBXNativeTarget;
			buildConfigurationList = 84EC4A1F1C1B3CC00035398C /* Build configuration list for PBXNativeTarget "PachinkoTests" */;
			buildPhases = (
				84EC4A041C1B3CC00035398C /* Sources */,
				84EC4A051C1B3CC00035398C /* Frameworks */,
				84EC4A061C1B3CC00035398C /* Resources */,
			);
			buildRules = (
			);
			dependencies = (
				84EC4A0A1C1B3CC00035398C /* PBXTargetDependency */,
			);
			name = PachinkoTests;
			productName = PachinkoTests;
			productReference = 84EC4A081C1B3CC00035398C /* PachinkoTests.xctest */;
			productType = "com.apple.product-type.bundle.unit-test";
		};
		84EC4A121C1B3CC00035398C /* PachinkoUITests */ = {
			isa = PBXNativeTarget;
			buildConfigurationList = 84EC4A221C1B3CC00035398C /* Build configuration list for PBXNativeTarget "PachinkoUITests" */;
			buildPhases = (
				84EC4A0F1C1B3CC00035398C /* Sources */,
				84EC4A101C1B3CC00035398C /* Frameworks */,
				84EC4A111C1B3CC00035398C /* Resources */,
			);
			buildRules = (
			);
			dependencies = (
				84EC4A151C1B3CC00035398C /* PBXTargetDependency */,
			);
			name = PachinkoUITests;
			productName = PachinkoUITests;
			productReference = 84EC4A131C1B3CC00035398C /* PachinkoUITests.xctest */;
			productType = "com.apple.product-type.bundle.ui-testing";
		};
/* End PBXNativeTarget section */

/* Begin PBXProject section */
		84EC49E81C1B3CC00035398C /* Project object */ = {
			isa = PBXProject;
			attributes = {
				LastSwiftUpdateCheck = 0710;
				LastUpgradeCheck = 0710;
				ORGANIZATIONNAME = prestonwprice;
				TargetAttributes = {
					84EC49EF1C1B3CC00035398C = {
						CreatedOnToolsVersion = 7.1.1;
					};
					84EC4A071C1B3CC00035398C = {
						CreatedOnToolsVersion = 7.1.1;
						TestTargetID = 84EC49EF1C1B3CC00035398C;
					};
					84EC4A121C1B3CC00035398C = {
						CreatedOnToolsVersion = 7.1.1;
						TestTargetID = 84EC49EF1C1B3CC00035398C;
					};
				};
			};
			buildConfigurationList = 84EC49EB1C1B3CC00035398C /* Build configuration list for PBXProject "Pachinko" */;
			compatibilityVersion = "Xcode 3.2";
			developmentRegion = English;
			hasScannedForEncodings = 0;
			knownRegions = (
				en,
				Base,
			);
			mainGroup = 84EC49E71C1B3CC00035398C;
			productRefGroup = 84EC49F11C1B3CC00035398C /* Products */;
			projectDirPath = "";
			projectRoot = "";
			targets = (
				84EC49EF1C1B3CC00035398C /* Pachinko */,
				84EC4A071C1B3CC00035398C /* PachinkoTests */,
				84EC4A121C1B3CC00035398C /* PachinkoUITests */,
			);
		};
/* End PBXProject section */

/* Begin PBXResourcesBuildPhase section */
		84EC49EE1C1B3CC00035398C /* Resources */ = {
			isa = PBXResourcesBuildPhase;
			buildActionMask = 2147483647;
			files = (
				84EC4A4B1C1B40D50035398C /* ballGrey@2x.png in Resources */,
				84EC4A4D1C1B40D50035398C /* ballPurple@2x.png in Resources */,
				84EC4A5A1C1B40D50035398C /* slotGlowBad@2x.png in Resources */,
				84EC4A461C1B40D50035398C /* ballCyan.png in Resources */,
				84EC4A571C1B40D50035398C /* slotBaseGood.png in Resources */,
				84EC49F61C1B3CC00035398C /* GameScene.sks in Resources */,
				84EC4A441C1B40D50035398C /* ballBlue.png in Resources */,
				84EC4A5B1C1B40D50035398C /* slotGlowGood.png in Resources */,
				84EC4A561C1B40D50035398C /* slotBaseBad@2x.png in Resources */,
				84EC4A511C1B40D50035398C /* ballYellow@2x.png in Resources */,
				84EC4A551C1B40D50035398C /* slotBaseBad.png in Resources */,
				84EC4A421C1B40D50035398C /* background.jpg in Resources */,
				84EC4A581C1B40D50035398C /* slotBaseGood@2x.png in Resources */,
				84EC4A531C1B40D50035398C /* bouncer@2x.png in Resources */,
				84EC4A4E1C1B40D50035398C /* ballRed.png in Resources */,
				84EC4A541C1B40D50035398C /* FireParticles.sks in Resources */,
				84EC4A4F1C1B40D50035398C /* ballRed@2x.png in Resources */,
				84EC4A021C1B3CC00035398C /* LaunchScreen.storyboard in Resources */,
				84EC4A591C1B40D50035398C /* slotGlowBad.png in Resources */,
				84EC49FF1C1B3CC00035398C /* Assets.xcassets in Resources */,
				84EC4A501C1B40D50035398C /* ballYellow.png in Resources */,
				84EC4A521C1B40D50035398C /* bouncer.png in Resources */,
				84EC4A481C1B40D50035398C /* ballGreen.png in Resources */,
				84EC4A431C1B40D50035398C /* background@2x.jpg in Resources */,
				84EC49FD1C1B3CC00035398C /* Main.storyboard in Resources */,
				84EC4A4A1C1B40D50035398C /* ballGrey.png in Resources */,
				84EC4A491C1B40D50035398C /* ballGreen@2x.png in Resources */,
				84EC4A471C1B40D50035398C /* ballCyan@2x.png in Resources */,
				84EC4A5C1C1B40D50035398C /* slotGlowGood@2x.png in Resources */,
				84EC4A5D1C1B40D50035398C /* spark.png in Resources */,
				84EC4A4C1C1B40D50035398C /* ballPurple.png in Resources */,
				84EC4A451C1B40D50035398C /* ballBlue@2x.png in Resources */,
			);
			runOnlyForDeploymentPostprocessing = 0;
		};
		84EC4A061C1B3CC00035398C /* Resources */ = {
			isa = PBXResourcesBuildPhase;
			buildActionMask = 2147483647;
			files = (
			);
			runOnlyForDeploymentPostprocessing = 0;
		};
		84EC4A111C1B3CC00035398C /* Resources */ = {
			isa = PBXResourcesBuildPhase;
			buildActionMask = 2147483647;
			files = (
			);
			runOnlyForDeploymentPostprocessing = 0;
		};
/* End PBXResourcesBuildPhase section */

/* Begin PBXSourcesBuildPhase section */
		84EC49EC1C1B3CC00035398C /* Sources */ = {
			isa = PBXSourcesBuildPhase;
			buildActionMask = 2147483647;
			files = (
				84EC49F81C1B3CC00035398C /* GameScene.swift in Sources */,
				84EC49FA1C1B3CC00035398C /* GameViewController.swift in Sources */,
				84EC49F41C1B3CC00035398C /* AppDelegate.swift in Sources */,
				845C32061C1B5B0800954233 /* Helper.swift in Sources */,
			);
			runOnlyForDeploymentPostprocessing = 0;
		};
		84EC4A041C1B3CC00035398C /* Sources */ = {
			isa = PBXSourcesBuildPhase;
			buildActionMask = 2147483647;
			files = (
				84EC4A0D1C1B3CC00035398C /* PachinkoTests.swift in Sources */,
			);
			runOnlyForDeploymentPostprocessing = 0;
		};
		84EC4A0F1C1B3CC00035398C /* Sources */ = {
			isa = PBXSourcesBuildPhase;
			buildActionMask = 2147483647;
			files = (
				84EC4A181C1B3CC00035398C /* PachinkoUITests.swift in Sources */,
			);
			runOnlyForDeploymentPostprocessing = 0;
		};
/* End PBXSourcesBuildPhase section */

/* Begin PBXTargetDependency section */
		84EC4A0A1C1B3CC00035398C /* PBXTargetDependency */ = {
			isa = PBXTargetDependency;
			target = 84EC49EF1C1B3CC00035398C /* Pachinko */;
			targetProxy = 84EC4A091C1B3CC00035398C /* PBXContainerItemProxy */;
		};
		84EC4A151C1B3CC00035398C /* PBXTargetDependency */ = {
			isa = PBXTargetDependency;
			target = 84EC49EF1C1B3CC00035398C /* Pachinko */;
			targetProxy = 84EC4A141C1B3CC00035398C /* PBXContainerItemProxy */;
		};
/* End PBXTargetDependency section */

/* Begin PBXVariantGroup section */
		84EC49FB1C1B3CC00035398C /* Main.storyboard */ = {
			isa = PBXVariantGroup;
			children = (
				84EC49FC1C1B3CC00035398C /* Base */,
			);
			name = Main.storyboard;
			sourceTree = "<group>";
		};
		84EC4A001C1B3CC00035398C /* LaunchScreen.storyboard */ = {
			isa = PBXVariantGroup;
			children = (
				84EC4A011C1B3CC00035398C /* Base */,
			);
			name = LaunchScreen.storyboard;
			sourceTree = "<group>";
		};
/* End PBXVariantGroup section */

/* Begin XCBuildConfiguration section */
		84EC4A1A1C1B3CC00035398C /* Debug */ = {
			isa = XCBuildConfiguration;
			buildSettings = {
				ALWAYS_SEARCH_USER_PATHS = NO;
				CLANG_CXX_LANGUAGE_STANDARD = "gnu++0x";
				CLANG_CXX_LIBRARY = "libc++";
				CLANG_ENABLE_MODULES = YES;
				CLANG_ENABLE_OBJC_ARC = YES;
				CLANG_WARN_BOOL_CONVERSION = YES;
				CLANG_WARN_CONSTANT_CONVERSION = YES;
				CLANG_WARN_DIRECT_OBJC_ISA_USAGE = YES_ERROR;
				CLANG_WARN_EMPTY_BODY = YES;
				CLANG_WARN_ENUM_CONVERSION = YES;
				CLANG_WARN_INT_CONVERSION = YES;
				CLANG_WARN_OBJC_ROOT_CLASS = YES_ERROR;
				CLANG_WARN_UNREACHABLE_CODE = YES;
				CLANG_WARN__DUPLICATE_METHOD_MATCH = YES;
				"CODE_SIGN_IDENTITY[sdk=iphoneos*]" = "iPhone Developer";
				COPY_PHASE_STRIP = NO;
				DEBUG_INFORMATION_FORMAT = "dwarf-with-dsym";
				ENABLE_STRICT_OBJC_MSGSEND = YES;
				ENABLE_TESTABILITY = YES;
				GCC_C_LANGUAGE_STANDARD = gnu99;
				GCC_DYNAMIC_NO_PIC = NO;
				GCC_NO_COMMON_BLOCKS = YES;
				GCC_OPTIMIZATION_LEVEL = 0;
				GCC_PREPROCESSOR_DEFINITIONS = (
					"DEBUG=1",
					"$(inherited)",
				);
				GCC_WARN_64_TO_32_BIT_CONVERSION = YES;
				GCC_WARN_ABOUT_RETURN_TYPE = YES_ERROR;
				GCC_WARN_UNDECLARED_SELECTOR = YES;
				GCC_WARN_UNINITIALIZED_AUTOS = YES_AGGRESSIVE;
				GCC_WARN_UNUSED_FUNCTION = YES;
				GCC_WARN_UNUSED_VARIABLE = YES;
				IPHONEOS_DEPLOYMENT_TARGET = 9.1;
				MTL_ENABLE_DEBUG_INFO = YES;
				ONLY_ACTIVE_ARCH = YES;
				SDKROOT = iphoneos;
				SWIFT_OPTIMIZATION_LEVEL = "-Onone";
				TARGETED_DEVICE_FAMILY = 2;
			};
			name = Debug;
		};
		84EC4A1B1C1B3CC00035398C /* Release */ = {
			isa = XCBuildConfiguration;
			buildSettings = {
				ALWAYS_SEARCH_USER_PATHS = NO;
				CLANG_CXX_LANGUAGE_STANDARD = "gnu++0x";
				CLANG_CXX_LIBRARY = "libc++";
				CLANG_ENABLE_MODULES = YES;
				CLANG_ENABLE_OBJC_ARC = YES;
				CLANG_WARN_BOOL_CONVERSION = YES;
				CLANG_WARN_CONSTANT_CONVERSION = YES;
				CLANG_WARN_DIRECT_OBJC_ISA_USAGE = YES_ERROR;
				CLANG_WARN_EMPTY_BODY = YES;
				CLANG_WARN_ENUM_CONVERSION = YES;
				CLANG_WARN_INT_CONVERSION = YES;
				CLANG_WARN_OBJC_ROOT_CLASS = YES_ERROR;
				CLANG_WARN_UNREACHABLE_CODE = YES;
				CLANG_WARN__DUPLICATE_METHOD_MATCH = YES;
				"CODE_SIGN_IDENTITY[sdk=iphoneos*]" = "iPhone Developer";
				COPY_PHASE_STRIP = NO;
				DEBUG_INFORMATION_FORMAT = "dwarf-with-dsym";
				ENABLE_NS_ASSERTIONS = NO;
				ENABLE_STRICT_OBJC_MSGSEND = YES;
				GCC_C_LANGUAGE_STANDARD = gnu99;
				GCC_NO_COMMON_BLOCKS = YES;
				GCC_WARN_64_TO_32_BIT_CONVERSION = YES;
				GCC_WARN_ABOUT_RETURN_TYPE = YES_ERROR;
				GCC_WARN_UNDECLARED_SELECTOR = YES;
				GCC_WARN_UNINITIALIZED_AUTOS = YES_AGGRESSIVE;
				GCC_WARN_UNUSED_FUNCTION = YES;
				GCC_WARN_UNUSED_VARIABLE = YES;
				IPHONEOS_DEPLOYMENT_TARGET = 9.1;
				MTL_ENABLE_DEBUG_INFO = NO;
				SDKROOT = iphoneos;
				TARGETED_DEVICE_FAMILY = 2;
				VALIDATE_PRODUCT = YES;
			};
			name = Release;
		};
		84EC4A1D1C1B3CC00035398C /* Debug */ = {
			isa = XCBuildConfiguration;
			buildSettings = {
				ASSETCATALOG_COMPILER_APPICON_NAME = AppIcon;
				INFOPLIST_FILE = Pachinko/Info.plist;
				LD_RUNPATH_SEARCH_PATHS = "$(inherited) @executable_path/Frameworks";
				PRODUCT_BUNDLE_IDENTIFIER = com.prestonwprice.Pachinko;
				PRODUCT_NAME = "$(TARGET_NAME)";
			};
			name = Debug;
		};
		84EC4A1E1C1B3CC00035398C /* Release */ = {
			isa = XCBuildConfiguration;
			buildSettings = {
				ASSETCATALOG_COMPILER_APPICON_NAME = AppIcon;
				INFOPLIST_FILE = Pachinko/Info.plist;
				LD_RUNPATH_SEARCH_PATHS = "$(inherited) @executable_path/Frameworks";
				PRODUCT_BUNDLE_IDENTIFIER = com.prestonwprice.Pachinko;
				PRODUCT_NAME = "$(TARGET_NAME)";
			};
			name = Release;
		};
		84EC4A201C1B3CC00035398C /* Debug */ = {
			isa = XCBuildConfiguration;
			buildSettings = {
				BUNDLE_LOADER = "$(TEST_HOST)";
				DEBUG_INFORMATION_FORMAT = dwarf;
				INFOPLIST_FILE = PachinkoTests/Info.plist;
				LD_RUNPATH_SEARCH_PATHS = "$(inherited) @executable_path/Frameworks @loader_path/Frameworks";
				PRODUCT_BUNDLE_IDENTIFIER = com.prestonwprice.PachinkoTests;
				PRODUCT_NAME = "$(TARGET_NAME)";
				TEST_HOST = "$(BUILT_PRODUCTS_DIR)/Pachinko.app/Pachinko";
			};
			name = Debug;
		};
		84EC4A211C1B3CC00035398C /* Release */ = {
			isa = XCBuildConfiguration;
			buildSettings = {
				BUNDLE_LOADER = "$(TEST_HOST)";
				INFOPLIST_FILE = PachinkoTests/Info.plist;
				LD_RUNPATH_SEARCH_PATHS = "$(inherited) @executable_path/Frameworks @loader_path/Frameworks";
				PRODUCT_BUNDLE_IDENTIFIER = com.prestonwprice.PachinkoTests;
				PRODUCT_NAME = "$(TARGET_NAME)";
				TEST_HOST = "$(BUILT_PRODUCTS_DIR)/Pachinko.app/Pachinko";
			};
			name = Release;
		};
		84EC4A231C1B3CC00035398C /* Debug */ = {
			isa = XCBuildConfiguration;
			buildSettings = {
				DEBUG_INFORMATION_FORMAT = dwarf;
				INFOPLIST_FILE = PachinkoUITests/Info.plist;
				LD_RUNPATH_SEARCH_PATHS = "$(inherited) @executable_path/Frameworks @loader_path/Frameworks";
				PRODUCT_BUNDLE_IDENTIFIER = com.prestonwprice.PachinkoUITests;
				PRODUCT_NAME = "$(TARGET_NAME)";
				TEST_TARGET_NAME = Pachinko;
				USES_XCTRUNNER = YES;
			};
			name = Debug;
		};
		84EC4A241C1B3CC00035398C /* Release */ = {
			isa = XCBuildConfiguration;
			buildSettings = {
				INFOPLIST_FILE = PachinkoUITests/Info.plist;
				LD_RUNPATH_SEARCH_PATHS = "$(inherited) @executable_path/Frameworks @loader_path/Frameworks";
				PRODUCT_BUNDLE_IDENTIFIER = com.prestonwprice.PachinkoUITests;
				PRODUCT_NAME = "$(TARGET_NAME)";
				TEST_TARGET_NAME = Pachinko;
				USES_XCTRUNNER = YES;
			};
			name = Release;
		};
/* End XCBuildConfiguration section */

/* Begin XCConfigurationList section */
		84EC49EB1C1B3CC00035398C /* Build configuration list for PBXProject "Pachinko" */ = {
			isa = XCConfigurationList;
			buildConfigurations = (
				84EC4A1A1C1B3CC00035398C /* Debug */,
				84EC4A1B1C1B3CC00035398C /* Release */,
			);
			defaultConfigurationIsVisible = 0;
			defaultConfigurationName = Release;
		};
		84EC4A1C1C1B3CC00035398C /* Build configuration list for PBXNativeTarget "Pachinko" */ = {
			isa = XCConfigurationList;
			buildConfigurations = (
				84EC4A1D1C1B3CC00035398C /* Debug */,
				84EC4A1E1C1B3CC00035398C /* Release */,
			);
			defaultConfigurationIsVisible = 0;
			defaultConfigurationName = Release;
		};
		84EC4A1F1C1B3CC00035398C /* Build configuration list for PBXNativeTarget "PachinkoTests" */ = {
			isa = XCConfigurationList;
			buildConfigurations = (
				84EC4A201C1B3CC00035398C /* Debug */,
				84EC4A211C1B3CC00035398C /* Release */,
			);
			defaultConfigurationIsVisible = 0;
			defaultConfigurationName = Release;
		};
		84EC4A221C1B3CC00035398C /* Build configuration list for PBXNativeTarget "PachinkoUITests" */ = {
			isa = XCConfigurationList;
			buildConfigurations = (
				84EC4A231C1B3CC00035398C /* Debug */,
				84EC4A241C1B3CC00035398C /* Release */,
			);
			defaultConfigurationIsVisible = 0;
			defaultConfigurationName = Release;
		};
/* End XCConfigurationList section */
	};
	rootObject = 84EC49E81C1B3CC00035398C /* Project object */;
}
